// !$*UTF8*$!
{
	archiveVersion = 1;
	classes = {
	};
	objectVersion = 46;
	objects = {

/* Begin PBXBuildFile section */
		6C185154130A3CA8001F06ED /* VSView.h in Headers */ = {isa = PBXBuildFile; fileRef = 6C185153130A3CA8001F06ED /* VSView.h */; };
		6C185156130A3D0D001F06ED /* VSButton.h in Headers */ = {isa = PBXBuildFile; fileRef = 6C185155130A3D0D001F06ED /* VSButton.h */; };
		6C46C2B2130B6CFA0091C267 /* libVillainousStyle.a in Frameworks */ = {isa = PBXBuildFile; fileRef = 6C4E8820130A34B600FF591F /* libVillainousStyle.a */; };
		6C46C2B4130B75520091C267 /* QuartzCore.framework in Frameworks */ = {isa = PBXBuildFile; fileRef = 6C46C2B3130B75520091C267 /* QuartzCore.framework */; };
		6C4E8824130A34B600FF591F /* Foundation.framework in Frameworks */ = {isa = PBXBuildFile; fileRef = 6C4E8823130A34B600FF591F /* Foundation.framework */; };
		6C4E88DD130A369A00FF591F /* CALayer+VSStyle.h in Headers */ = {isa = PBXBuildFile; fileRef = 6C4E888C130A369A00FF591F /* CALayer+VSStyle.h */; };
		6C4E88DE130A369A00FF591F /* CALayer+VSStyle.m in Sources */ = {isa = PBXBuildFile; fileRef = 6C4E888D130A369A00FF591F /* CALayer+VSStyle.m */; };
		6C4E88DF130A369A00FF591F /* NSColor+CGColor.h in Headers */ = {isa = PBXBuildFile; fileRef = 6C4E888E130A369A00FF591F /* NSColor+CGColor.h */; };
		6C4E88E0130A369A00FF591F /* NSColor+CGColor.m in Sources */ = {isa = PBXBuildFile; fileRef = 6C4E888F130A369A00FF591F /* NSColor+CGColor.m */; };
		6C4E88E1130A369A00FF591F /* NSColor+VSStyle.h in Headers */ = {isa = PBXBuildFile; fileRef = 6C4E8890130A369A00FF591F /* NSColor+VSStyle.h */; };
		6C4E88E2130A369A00FF591F /* NSColor+VSStyle.m in Sources */ = {isa = PBXBuildFile; fileRef = 6C4E8891130A369A00FF591F /* NSColor+VSStyle.m */; };
		6C4E88E3130A369A00FF591F /* NSImage+CGImage.h in Headers */ = {isa = PBXBuildFile; fileRef = 6C4E8892130A369A00FF591F /* NSImage+CGImage.h */; };
		6C4E88E4130A369A00FF591F /* NSImage+CGImage.m in Sources */ = {isa = PBXBuildFile; fileRef = 6C4E8893130A369A00FF591F /* NSImage+CGImage.m */; };
		6C4E88E5130A369A00FF591F /* NSImage+ContentMode.h in Headers */ = {isa = PBXBuildFile; fileRef = 6C4E8894130A369A00FF591F /* NSImage+ContentMode.h */; };
		6C4E88E6130A369A00FF591F /* NSImage+ContentMode.m in Sources */ = {isa = PBXBuildFile; fileRef = 6C4E8895130A369A00FF591F /* NSImage+ContentMode.m */; };
		6C4E88E7130A369A00FF591F /* NSView+VSStyle.h in Headers */ = {isa = PBXBuildFile; fileRef = 6C4E8896130A369A00FF591F /* NSView+VSStyle.h */; };
		6C4E88E8130A369A00FF591F /* NSView+VSStyle.m in Sources */ = {isa = PBXBuildFile; fileRef = 6C4E8897130A369A00FF591F /* NSView+VSStyle.m */; };
		6C4E88E9130A369A00FF591F /* VillainousStyle.h in Headers */ = {isa = PBXBuildFile; fileRef = 6C4E8898130A369A00FF591F /* VillainousStyle.h */; };
		6C4E88EA130A369A00FF591F /* VSBevelBorderStyle.h in Headers */ = {isa = PBXBuildFile; fileRef = 6C4E8899130A369A00FF591F /* VSBevelBorderStyle.h */; };
		6C4E88EB130A369A00FF591F /* VSBevelBorderStyle.m in Sources */ = {isa = PBXBuildFile; fileRef = 6C4E889A130A369A00FF591F /* VSBevelBorderStyle.m */; };
		6C4E88EC130A369A00FF591F /* VSBlendStyle.h in Headers */ = {isa = PBXBuildFile; fileRef = 6C4E889B130A369A00FF591F /* VSBlendStyle.h */; };
		6C4E88ED130A369A00FF591F /* VSBlendStyle.m in Sources */ = {isa = PBXBuildFile; fileRef = 6C4E889C130A369A00FF591F /* VSBlendStyle.m */; };
		6C4E88EE130A369A00FF591F /* VSBoxStyle.h in Headers */ = {isa = PBXBuildFile; fileRef = 6C4E889D130A369A00FF591F /* VSBoxStyle.h */; };
		6C4E88EF130A369A00FF591F /* VSBoxStyle.m in Sources */ = {isa = PBXBuildFile; fileRef = 6C4E889E130A369A00FF591F /* VSBoxStyle.m */; };
		6C4E88F2130A369A00FF591F /* VSButton.m in Sources */ = {isa = PBXBuildFile; fileRef = 6C4E88A1130A369A00FF591F /* VSButton.m */; };
		6C4E88F3130A369A00FF591F /* VSContentStyle.h in Headers */ = {isa = PBXBuildFile; fileRef = 6C4E88A2130A369A00FF591F /* VSContentStyle.h */; };
		6C4E88F4130A369A00FF591F /* VSContentStyle.m in Sources */ = {isa = PBXBuildFile; fileRef = 6C4E88A3130A369A00FF591F /* VSContentStyle.m */; };
		6C4E88F5130A369A00FF591F /* VSFourBorderStyle.h in Headers */ = {isa = PBXBuildFile; fileRef = 6C4E88A4130A369A00FF591F /* VSFourBorderStyle.h */; };
		6C4E88F6130A369A00FF591F /* VSFourBorderStyle.m in Sources */ = {isa = PBXBuildFile; fileRef = 6C4E88A5130A369A00FF591F /* VSFourBorderStyle.m */; };
		6C4E88F7130A369A00FF591F /* VSGlobal.h in Headers */ = {isa = PBXBuildFile; fileRef = 6C4E88A6130A369A00FF591F /* VSGlobal.h */; };
		6C4E88F8130A369A00FF591F /* VSHighlightBorderStyle.h in Headers */ = {isa = PBXBuildFile; fileRef = 6C4E88A7130A369A00FF591F /* VSHighlightBorderStyle.h */; };
		6C4E88F9130A369A00FF591F /* VSHighlightBorderStyle.m in Sources */ = {isa = PBXBuildFile; fileRef = 6C4E88A8130A369A00FF591F /* VSHighlightBorderStyle.m */; };
		6C4E88FA130A369A00FF591F /* VSImageStyle.h in Headers */ = {isa = PBXBuildFile; fileRef = 6C4E88A9130A369A00FF591F /* VSImageStyle.h */; };
		6C4E88FB130A369A00FF591F /* VSImageStyle.m in Sources */ = {isa = PBXBuildFile; fileRef = 6C4E88AA130A369A00FF591F /* VSImageStyle.m */; };
		6C4E88FC130A369A00FF591F /* VSInnerShadowStyle.h in Headers */ = {isa = PBXBuildFile; fileRef = 6C4E88AB130A369A00FF591F /* VSInnerShadowStyle.h */; };
		6C4E88FD130A369A00FF591F /* VSInnerShadowStyle.m in Sources */ = {isa = PBXBuildFile; fileRef = 6C4E88AC130A369A00FF591F /* VSInnerShadowStyle.m */; };
		6C4E88FE130A369A00FF591F /* VSInsetStyle.h in Headers */ = {isa = PBXBuildFile; fileRef = 6C4E88AD130A369A00FF591F /* VSInsetStyle.h */; };
		6C4E88FF130A369A00FF591F /* VSInsetStyle.m in Sources */ = {isa = PBXBuildFile; fileRef = 6C4E88AE130A369A00FF591F /* VSInsetStyle.m */; };
		6C4E8900130A369A00FF591F /* VSLabel.h in Headers */ = {isa = PBXBuildFile; fileRef = 6C4E88AF130A369A00FF591F /* VSLabel.h */; };
		6C4E8901130A369A00FF591F /* VSLabel.m in Sources */ = {isa = PBXBuildFile; fileRef = 6C4E88B0130A369A00FF591F /* VSLabel.m */; };
		6C4E8902130A369A00FF591F /* VSLinearGradientBorderStyle.h in Headers */ = {isa = PBXBuildFile; fileRef = 6C4E88B1130A369A00FF591F /* VSLinearGradientBorderStyle.h */; };
		6C4E8903130A369A00FF591F /* VSLinearGradientBorderStyle.m in Sources */ = {isa = PBXBuildFile; fileRef = 6C4E88B2130A369A00FF591F /* VSLinearGradientBorderStyle.m */; };
		6C4E8904130A369A00FF591F /* VSLinearGradientFillStyle.h in Headers */ = {isa = PBXBuildFile; fileRef = 6C4E88B3130A369A00FF591F /* VSLinearGradientFillStyle.h */; };
		6C4E8905130A369A00FF591F /* VSLinearGradientFillStyle.m in Sources */ = {isa = PBXBuildFile; fileRef = 6C4E88B4130A369A00FF591F /* VSLinearGradientFillStyle.m */; };
		6C4E8906130A369A00FF591F /* VSMaskStyle.h in Headers */ = {isa = PBXBuildFile; fileRef = 6C4E88B5130A369A00FF591F /* VSMaskStyle.h */; };
		6C4E8907130A369A00FF591F /* VSMaskStyle.m in Sources */ = {isa = PBXBuildFile; fileRef = 6C4E88B6130A369A00FF591F /* VSMaskStyle.m */; };
		6C4E8908130A369A00FF591F /* VSPartStyle.h in Headers */ = {isa = PBXBuildFile; fileRef = 6C4E88B7130A369A00FF591F /* VSPartStyle.h */; };
		6C4E8909130A369A00FF591F /* VSPartStyle.m in Sources */ = {isa = PBXBuildFile; fileRef = 6C4E88B8130A369A00FF591F /* VSPartStyle.m */; };
		6C4E890A130A369A00FF591F /* VSRectangleShape.h in Headers */ = {isa = PBXBuildFile; fileRef = 6C4E88B9130A369A00FF591F /* VSRectangleShape.h */; };
		6C4E890B130A369A00FF591F /* VSRectangleShape.m in Sources */ = {isa = PBXBuildFile; fileRef = 6C4E88BA130A369A00FF591F /* VSRectangleShape.m */; };
		6C4E890C130A369A00FF591F /* VSReflectiveFillStyle.h in Headers */ = {isa = PBXBuildFile; fileRef = 6C4E88BB130A369A00FF591F /* VSReflectiveFillStyle.h */; };
		6C4E890D130A369A00FF591F /* VSReflectiveFillStyle.m in Sources */ = {isa = PBXBuildFile; fileRef = 6C4E88BC130A369A00FF591F /* VSReflectiveFillStyle.m */; };
		6C4E890E130A369A00FF591F /* VSRoundedLeftArrowShape.h in Headers */ = {isa = PBXBuildFile; fileRef = 6C4E88BD130A369A00FF591F /* VSRoundedLeftArrowShape.h */; };
		6C4E890F130A369A00FF591F /* VSRoundedLeftArrowShape.m in Sources */ = {isa = PBXBuildFile; fileRef = 6C4E88BE130A369A00FF591F /* VSRoundedLeftArrowShape.m */; };
		6C4E8910130A369A00FF591F /* VSRoundedRectangleShape.h in Headers */ = {isa = PBXBuildFile; fileRef = 6C4E88BF130A369A00FF591F /* VSRoundedRectangleShape.h */; };
		6C4E8911130A369A00FF591F /* VSRoundedRectangleShape.m in Sources */ = {isa = PBXBuildFile; fileRef = 6C4E88C0130A369A00FF591F /* VSRoundedRectangleShape.m */; };
		6C4E8912130A369A00FF591F /* VSRoundedRightArrowShape.h in Headers */ = {isa = PBXBuildFile; fileRef = 6C4E88C1130A369A00FF591F /* VSRoundedRightArrowShape.h */; };
		6C4E8913130A369A00FF591F /* VSRoundedRightArrowShape.m in Sources */ = {isa = PBXBuildFile; fileRef = 6C4E88C2130A369A00FF591F /* VSRoundedRightArrowShape.m */; };
		6C4E8914130A369A00FF591F /* VSShadowStyle.h in Headers */ = {isa = PBXBuildFile; fileRef = 6C4E88C3130A369A00FF591F /* VSShadowStyle.h */; };
		6C4E8915130A369A00FF591F /* VSShadowStyle.m in Sources */ = {isa = PBXBuildFile; fileRef = 6C4E88C4130A369A00FF591F /* VSShadowStyle.m */; };
		6C4E8916130A369A00FF591F /* VSShape.h in Headers */ = {isa = PBXBuildFile; fileRef = 6C4E88C5130A369A00FF591F /* VSShape.h */; };
		6C4E8917130A369A00FF591F /* VSShape.m in Sources */ = {isa = PBXBuildFile; fileRef = 6C4E88C6130A369A00FF591F /* VSShape.m */; };
		6C4E8918130A369A00FF591F /* VSShapes.h in Headers */ = {isa = PBXBuildFile; fileRef = 6C4E88C7130A369A00FF591F /* VSShapes.h */; };
		6C4E8919130A369A00FF591F /* VSShapeStyle.h in Headers */ = {isa = PBXBuildFile; fileRef = 6C4E88C8130A369A00FF591F /* VSShapeStyle.h */; };
		6C4E891A130A369A00FF591F /* VSShapeStyle.m in Sources */ = {isa = PBXBuildFile; fileRef = 6C4E88C9130A369A00FF591F /* VSShapeStyle.m */; };
		6C4E891B130A369A00FF591F /* VSSolidBorderStyle.h in Headers */ = {isa = PBXBuildFile; fileRef = 6C4E88CA130A369A00FF591F /* VSSolidBorderStyle.h */; };
		6C4E891C130A369A00FF591F /* VSSolidBorderStyle.m in Sources */ = {isa = PBXBuildFile; fileRef = 6C4E88CB130A369A00FF591F /* VSSolidBorderStyle.m */; };
		6C4E891D130A369A00FF591F /* VSSolidFillStyle.h in Headers */ = {isa = PBXBuildFile; fileRef = 6C4E88CC130A369A00FF591F /* VSSolidFillStyle.h */; };
		6C4E891E130A369A00FF591F /* VSSolidFillStyle.m in Sources */ = {isa = PBXBuildFile; fileRef = 6C4E88CD130A369A00FF591F /* VSSolidFillStyle.m */; };
		6C4E891F130A369A00FF591F /* VSSpeechBubbleShape.h in Headers */ = {isa = PBXBuildFile; fileRef = 6C4E88CE130A369A00FF591F /* VSSpeechBubbleShape.h */; };
		6C4E8920130A369A00FF591F /* VSSpeechBubbleShape.m in Sources */ = {isa = PBXBuildFile; fileRef = 6C4E88CF130A369A00FF591F /* VSSpeechBubbleShape.m */; };
		6C4E8921130A369A00FF591F /* VSStyle.h in Headers */ = {isa = PBXBuildFile; fileRef = 6C4E88D0130A369A00FF591F /* VSStyle.h */; };
		6C4E8922130A369A00FF591F /* VSStyle.m in Sources */ = {isa = PBXBuildFile; fileRef = 6C4E88D1130A369A00FF591F /* VSStyle.m */; };
		6C4E8923130A369A00FF591F /* VSStyleContext.h in Headers */ = {isa = PBXBuildFile; fileRef = 6C4E88D2130A369A00FF591F /* VSStyleContext.h */; };
		6C4E8924130A369A00FF591F /* VSStyleContext.m in Sources */ = {isa = PBXBuildFile; fileRef = 6C4E88D3130A369A00FF591F /* VSStyleContext.m */; };
		6C4E8925130A369A00FF591F /* VSStyleDelegate.h in Headers */ = {isa = PBXBuildFile; fileRef = 6C4E88D4130A369A00FF591F /* VSStyleDelegate.h */; };
		6C4E8926130A369A00FF591F /* VSStyles.h in Headers */ = {isa = PBXBuildFile; fileRef = 6C4E88D5130A369A00FF591F /* VSStyles.h */; };
		6C4E8927130A369A00FF591F /* VSStyleSheet.h in Headers */ = {isa = PBXBuildFile; fileRef = 6C4E88D6130A369A00FF591F /* VSStyleSheet.h */; };
		6C4E8928130A369A00FF591F /* VSStyleSheet.m in Sources */ = {isa = PBXBuildFile; fileRef = 6C4E88D7130A369A00FF591F /* VSStyleSheet.m */; };
		6C4E8929130A369A00FF591F /* VSTextStyle.h in Headers */ = {isa = PBXBuildFile; fileRef = 6C4E88D8130A369A00FF591F /* VSTextStyle.h */; };
		6C4E892A130A369A00FF591F /* VSTextStyle.m in Sources */ = {isa = PBXBuildFile; fileRef = 6C4E88D9130A369A00FF591F /* VSTextStyle.m */; };
		6C4E892D130A369A00FF591F /* VSView.m in Sources */ = {isa = PBXBuildFile; fileRef = 6C4E88DC130A369A00FF591F /* VSView.m */; };
		6C73D446130A442600F26739 /* UIKit.framework in Frameworks */ = {isa = PBXBuildFile; fileRef = 6C73D445130A442600F26739 /* UIKit.framework */; };
		6C73D447130A442600F26739 /* Foundation.framework in Frameworks */ = {isa = PBXBuildFile; fileRef = 6C4E8823130A34B600FF591F /* Foundation.framework */; };
		6C73D449130A442600F26739 /* CoreGraphics.framework in Frameworks */ = {isa = PBXBuildFile; fileRef = 6C73D448130A442600F26739 /* CoreGraphics.framework */; };
		6C73D44F130A442600F26739 /* InfoPlist.strings in Resources */ = {isa = PBXBuildFile; fileRef = 6C73D44D130A442600F26739 /* InfoPlist.strings */; };
		6C73D452130A442600F26739 /* main.m in Sources */ = {isa = PBXBuildFile; fileRef = 6C73D451130A442600F26739 /* main.m */; };
		6C73D455130A442600F26739 /* MobileVillainousAppDelegate.m in Sources */ = {isa = PBXBuildFile; fileRef = 6C73D454130A442600F26739 /* MobileVillainousAppDelegate.m */; };
		6C73D458130A442600F26739 /* MainWindow.xib in Resources */ = {isa = PBXBuildFile; fileRef = 6C73D456130A442600F26739 /* MainWindow.xib */; };
		6C73D45B130A442600F26739 /* MobileVillainousViewController.m in Sources */ = {isa = PBXBuildFile; fileRef = 6C73D45A130A442600F26739 /* MobileVillainousViewController.m */; };
		6C73D45E130A442600F26739 /* MobileVillainousViewController.xib in Resources */ = {isa = PBXBuildFile; fileRef = 6C73D45C130A442600F26739 /* MobileVillainousViewController.xib */; };
		6C73D554130A456900F26739 /* iDarkStyleSheet.m in Sources */ = {isa = PBXBuildFile; fileRef = 6C73D551130A456900F26739 /* iDarkStyleSheet.m */; };
		6C73D555130A456900F26739 /* iLightStyleSheet.m in Sources */ = {isa = PBXBuildFile; fileRef = 6C73D553130A456900F26739 /* iLightStyleSheet.m */; };
/* End PBXBuildFile section */

/* Begin PBXContainerItemProxy section */
		6C46C2AF130B6CF50091C267 /* PBXContainerItemProxy */ = {
			isa = PBXContainerItemProxy;
			containerPortal = 6C4E8817130A34B600FF591F /* Project object */;
			proxyType = 1;
			remoteGlobalIDString = 6C4E881F130A34B600FF591F;
			remoteInfo = VillainousStyle;
		};
/* End PBXContainerItemProxy section */

/* Begin PBXFileReference section */
		6C185153130A3CA8001F06ED /* VSView.h */ = {isa = PBXFileReference; fileEncoding = 4; lastKnownFileType = sourcecode.c.h; path = VSView.h; sourceTree = "<group>"; };
		6C185155130A3D0D001F06ED /* VSButton.h */ = {isa = PBXFileReference; fileEncoding = 4; lastKnownFileType = sourcecode.c.h; path = VSButton.h; sourceTree = "<group>"; };
		6C46C2B3130B75520091C267 /* QuartzCore.framework */ = {isa = PBXFileReference; lastKnownFileType = wrapper.framework; name = QuartzCore.framework; path = System/Library/Frameworks/QuartzCore.framework; sourceTree = SDKROOT; };
		6C4E8820130A34B600FF591F /* libVillainousStyle.a */ = {isa = PBXFileReference; explicitFileType = archive.ar; includeInIndex = 0; path = libVillainousStyle.a; sourceTree = BUILT_PRODUCTS_DIR; };
		6C4E8823130A34B600FF591F /* Foundation.framework */ = {isa = PBXFileReference; lastKnownFileType = wrapper.framework; name = Foundation.framework; path = System/Library/Frameworks/Foundation.framework; sourceTree = SDKROOT; };
		6C4E888C130A369A00FF591F /* CALayer+VSStyle.h */ = {isa = PBXFileReference; fileEncoding = 4; lastKnownFileType = sourcecode.c.h; path = "CALayer+VSStyle.h"; sourceTree = "<group>"; };
		6C4E888D130A369A00FF591F /* CALayer+VSStyle.m */ = {isa = PBXFileReference; fileEncoding = 4; lastKnownFileType = sourcecode.c.objc; path = "CALayer+VSStyle.m"; sourceTree = "<group>"; };
		6C4E888E130A369A00FF591F /* NSColor+CGColor.h */ = {isa = PBXFileReference; fileEncoding = 4; lastKnownFileType = sourcecode.c.h; path = "NSColor+CGColor.h"; sourceTree = "<group>"; };
		6C4E888F130A369A00FF591F /* NSColor+CGColor.m */ = {isa = PBXFileReference; fileEncoding = 4; lastKnownFileType = sourcecode.c.objc; path = "NSColor+CGColor.m"; sourceTree = "<group>"; };
		6C4E8890130A369A00FF591F /* NSColor+VSStyle.h */ = {isa = PBXFileReference; fileEncoding = 4; lastKnownFileType = sourcecode.c.h; path = "NSColor+VSStyle.h"; sourceTree = "<group>"; };
		6C4E8891130A369A00FF591F /* NSColor+VSStyle.m */ = {isa = PBXFileReference; fileEncoding = 4; lastKnownFileType = sourcecode.c.objc; path = "NSColor+VSStyle.m"; sourceTree = "<group>"; };
		6C4E8892130A369A00FF591F /* NSImage+CGImage.h */ = {isa = PBXFileReference; fileEncoding = 4; lastKnownFileType = sourcecode.c.h; path = "NSImage+CGImage.h"; sourceTree = "<group>"; };
		6C4E8893130A369A00FF591F /* NSImage+CGImage.m */ = {isa = PBXFileReference; fileEncoding = 4; lastKnownFileType = sourcecode.c.objc; path = "NSImage+CGImage.m"; sourceTree = "<group>"; };
		6C4E8894130A369A00FF591F /* NSImage+ContentMode.h */ = {isa = PBXFileReference; fileEncoding = 4; lastKnownFileType = sourcecode.c.h; path = "NSImage+ContentMode.h"; sourceTree = "<group>"; };
		6C4E8895130A369A00FF591F /* NSImage+ContentMode.m */ = {isa = PBXFileReference; fileEncoding = 4; lastKnownFileType = sourcecode.c.objc; path = "NSImage+ContentMode.m"; sourceTree = "<group>"; };
		6C4E8896130A369A00FF591F /* NSView+VSStyle.h */ = {isa = PBXFileReference; fileEncoding = 4; lastKnownFileType = sourcecode.c.h; path = "NSView+VSStyle.h"; sourceTree = "<group>"; };
		6C4E8897130A369A00FF591F /* NSView+VSStyle.m */ = {isa = PBXFileReference; fileEncoding = 4; lastKnownFileType = sourcecode.c.objc; path = "NSView+VSStyle.m"; sourceTree = "<group>"; };
		6C4E8898130A369A00FF591F /* VillainousStyle.h */ = {isa = PBXFileReference; fileEncoding = 4; lastKnownFileType = sourcecode.c.h; path = VillainousStyle.h; sourceTree = "<group>"; };
		6C4E8899130A369A00FF591F /* VSBevelBorderStyle.h */ = {isa = PBXFileReference; fileEncoding = 4; lastKnownFileType = sourcecode.c.h; path = VSBevelBorderStyle.h; sourceTree = "<group>"; };
		6C4E889A130A369A00FF591F /* VSBevelBorderStyle.m */ = {isa = PBXFileReference; fileEncoding = 4; lastKnownFileType = sourcecode.c.objc; path = VSBevelBorderStyle.m; sourceTree = "<group>"; };
		6C4E889B130A369A00FF591F /* VSBlendStyle.h */ = {isa = PBXFileReference; fileEncoding = 4; lastKnownFileType = sourcecode.c.h; path = VSBlendStyle.h; sourceTree = "<group>"; };
		6C4E889C130A369A00FF591F /* VSBlendStyle.m */ = {isa = PBXFileReference; fileEncoding = 4; lastKnownFileType = sourcecode.c.objc; path = VSBlendStyle.m; sourceTree = "<group>"; };
		6C4E889D130A369A00FF591F /* VSBoxStyle.h */ = {isa = PBXFileReference; fileEncoding = 4; lastKnownFileType = sourcecode.c.h; path = VSBoxStyle.h; sourceTree = "<group>"; };
		6C4E889E130A369A00FF591F /* VSBoxStyle.m */ = {isa = PBXFileReference; fileEncoding = 4; lastKnownFileType = sourcecode.c.objc; path = VSBoxStyle.m; sourceTree = "<group>"; };
		6C4E88A1130A369A00FF591F /* VSButton.m */ = {isa = PBXFileReference; fileEncoding = 4; lastKnownFileType = sourcecode.c.objc; path = VSButton.m; sourceTree = "<group>"; };
		6C4E88A2130A369A00FF591F /* VSContentStyle.h */ = {isa = PBXFileReference; fileEncoding = 4; lastKnownFileType = sourcecode.c.h; path = VSContentStyle.h; sourceTree = "<group>"; };
		6C4E88A3130A369A00FF591F /* VSContentStyle.m */ = {isa = PBXFileReference; fileEncoding = 4; lastKnownFileType = sourcecode.c.objc; path = VSContentStyle.m; sourceTree = "<group>"; };
		6C4E88A4130A369A00FF591F /* VSFourBorderStyle.h */ = {isa = PBXFileReference; fileEncoding = 4; lastKnownFileType = sourcecode.c.h; path = VSFourBorderStyle.h; sourceTree = "<group>"; };
		6C4E88A5130A369A00FF591F /* VSFourBorderStyle.m */ = {isa = PBXFileReference; fileEncoding = 4; lastKnownFileType = sourcecode.c.objc; path = VSFourBorderStyle.m; sourceTree = "<group>"; };
		6C4E88A6130A369A00FF591F /* VSGlobal.h */ = {isa = PBXFileReference; fileEncoding = 4; lastKnownFileType = sourcecode.c.h; path = VSGlobal.h; sourceTree = "<group>"; };
		6C4E88A7130A369A00FF591F /* VSHighlightBorderStyle.h */ = {isa = PBXFileReference; fileEncoding = 4; lastKnownFileType = sourcecode.c.h; path = VSHighlightBorderStyle.h; sourceTree = "<group>"; };
		6C4E88A8130A369A00FF591F /* VSHighlightBorderStyle.m */ = {isa = PBXFileReference; fileEncoding = 4; lastKnownFileType = sourcecode.c.objc; path = VSHighlightBorderStyle.m; sourceTree = "<group>"; };
		6C4E88A9130A369A00FF591F /* VSImageStyle.h */ = {isa = PBXFileReference; fileEncoding = 4; lastKnownFileType = sourcecode.c.h; path = VSImageStyle.h; sourceTree = "<group>"; };
		6C4E88AA130A369A00FF591F /* VSImageStyle.m */ = {isa = PBXFileReference; fileEncoding = 4; lastKnownFileType = sourcecode.c.objc; path = VSImageStyle.m; sourceTree = "<group>"; };
		6C4E88AB130A369A00FF591F /* VSInnerShadowStyle.h */ = {isa = PBXFileReference; fileEncoding = 4; lastKnownFileType = sourcecode.c.h; path = VSInnerShadowStyle.h; sourceTree = "<group>"; };
		6C4E88AC130A369A00FF591F /* VSInnerShadowStyle.m */ = {isa = PBXFileReference; fileEncoding = 4; lastKnownFileType = sourcecode.c.objc; path = VSInnerShadowStyle.m; sourceTree = "<group>"; };
		6C4E88AD130A369A00FF591F /* VSInsetStyle.h */ = {isa = PBXFileReference; fileEncoding = 4; lastKnownFileType = sourcecode.c.h; path = VSInsetStyle.h; sourceTree = "<group>"; };
		6C4E88AE130A369A00FF591F /* VSInsetStyle.m */ = {isa = PBXFileReference; fileEncoding = 4; lastKnownFileType = sourcecode.c.objc; path = VSInsetStyle.m; sourceTree = "<group>"; };
		6C4E88AF130A369A00FF591F /* VSLabel.h */ = {isa = PBXFileReference; fileEncoding = 4; lastKnownFileType = sourcecode.c.h; path = VSLabel.h; sourceTree = "<group>"; };
		6C4E88B0130A369A00FF591F /* VSLabel.m */ = {isa = PBXFileReference; fileEncoding = 4; lastKnownFileType = sourcecode.c.objc; path = VSLabel.m; sourceTree = "<group>"; };
		6C4E88B1130A369A00FF591F /* VSLinearGradientBorderStyle.h */ = {isa = PBXFileReference; fileEncoding = 4; lastKnownFileType = sourcecode.c.h; path = VSLinearGradientBorderStyle.h; sourceTree = "<group>"; };
		6C4E88B2130A369A00FF591F /* VSLinearGradientBorderStyle.m */ = {isa = PBXFileReference; fileEncoding = 4; lastKnownFileType = sourcecode.c.objc; path = VSLinearGradientBorderStyle.m; sourceTree = "<group>"; };
		6C4E88B3130A369A00FF591F /* VSLinearGradientFillStyle.h */ = {isa = PBXFileReference; fileEncoding = 4; lastKnownFileType = sourcecode.c.h; path = VSLinearGradientFillStyle.h; sourceTree = "<group>"; };
		6C4E88B4130A369A00FF591F /* VSLinearGradientFillStyle.m */ = {isa = PBXFileReference; fileEncoding = 4; lastKnownFileType = sourcecode.c.objc; path = VSLinearGradientFillStyle.m; sourceTree = "<group>"; };
		6C4E88B5130A369A00FF591F /* VSMaskStyle.h */ = {isa = PBXFileReference; fileEncoding = 4; lastKnownFileType = sourcecode.c.h; path = VSMaskStyle.h; sourceTree = "<group>"; };
		6C4E88B6130A369A00FF591F /* VSMaskStyle.m */ = {isa = PBXFileReference; fileEncoding = 4; lastKnownFileType = sourcecode.c.objc; path = VSMaskStyle.m; sourceTree = "<group>"; };
		6C4E88B7130A369A00FF591F /* VSPartStyle.h */ = {isa = PBXFileReference; fileEncoding = 4; lastKnownFileType = sourcecode.c.h; path = VSPartStyle.h; sourceTree = "<group>"; };
		6C4E88B8130A369A00FF591F /* VSPartStyle.m */ = {isa = PBXFileReference; fileEncoding = 4; lastKnownFileType = sourcecode.c.objc; path = VSPartStyle.m; sourceTree = "<group>"; };
		6C4E88B9130A369A00FF591F /* VSRectangleShape.h */ = {isa = PBXFileReference; fileEncoding = 4; lastKnownFileType = sourcecode.c.h; path = VSRectangleShape.h; sourceTree = "<group>"; };
		6C4E88BA130A369A00FF591F /* VSRectangleShape.m */ = {isa = PBXFileReference; fileEncoding = 4; lastKnownFileType = sourcecode.c.objc; path = VSRectangleShape.m; sourceTree = "<group>"; };
		6C4E88BB130A369A00FF591F /* VSReflectiveFillStyle.h */ = {isa = PBXFileReference; fileEncoding = 4; lastKnownFileType = sourcecode.c.h; path = VSReflectiveFillStyle.h; sourceTree = "<group>"; };
		6C4E88BC130A369A00FF591F /* VSReflectiveFillStyle.m */ = {isa = PBXFileReference; fileEncoding = 4; lastKnownFileType = sourcecode.c.objc; path = VSReflectiveFillStyle.m; sourceTree = "<group>"; };
		6C4E88BD130A369A00FF591F /* VSRoundedLeftArrowShape.h */ = {isa = PBXFileReference; fileEncoding = 4; lastKnownFileType = sourcecode.c.h; path = VSRoundedLeftArrowShape.h; sourceTree = "<group>"; };
		6C4E88BE130A369A00FF591F /* VSRoundedLeftArrowShape.m */ = {isa = PBXFileReference; fileEncoding = 4; lastKnownFileType = sourcecode.c.objc; path = VSRoundedLeftArrowShape.m; sourceTree = "<group>"; };
		6C4E88BF130A369A00FF591F /* VSRoundedRectangleShape.h */ = {isa = PBXFileReference; fileEncoding = 4; lastKnownFileType = sourcecode.c.h; path = VSRoundedRectangleShape.h; sourceTree = "<group>"; };
		6C4E88C0130A369A00FF591F /* VSRoundedRectangleShape.m */ = {isa = PBXFileReference; fileEncoding = 4; lastKnownFileType = sourcecode.c.objc; path = VSRoundedRectangleShape.m; sourceTree = "<group>"; };
		6C4E88C1130A369A00FF591F /* VSRoundedRightArrowShape.h */ = {isa = PBXFileReference; fileEncoding = 4; lastKnownFileType = sourcecode.c.h; path = VSRoundedRightArrowShape.h; sourceTree = "<group>"; };
		6C4E88C2130A369A00FF591F /* VSRoundedRightArrowShape.m */ = {isa = PBXFileReference; fileEncoding = 4; lastKnownFileType = sourcecode.c.objc; path = VSRoundedRightArrowShape.m; sourceTree = "<group>"; };
		6C4E88C3130A369A00FF591F /* VSShadowStyle.h */ = {isa = PBXFileReference; fileEncoding = 4; lastKnownFileType = sourcecode.c.h; path = VSShadowStyle.h; sourceTree = "<group>"; };
		6C4E88C4130A369A00FF591F /* VSShadowStyle.m */ = {isa = PBXFileReference; fileEncoding = 4; lastKnownFileType = sourcecode.c.objc; path = VSShadowStyle.m; sourceTree = "<group>"; };
		6C4E88C5130A369A00FF591F /* VSShape.h */ = {isa = PBXFileReference; fileEncoding = 4; lastKnownFileType = sourcecode.c.h; path = VSShape.h; sourceTree = "<group>"; };
		6C4E88C6130A369A00FF591F /* VSShape.m */ = {isa = PBXFileReference; fileEncoding = 4; lastKnownFileType = sourcecode.c.objc; path = VSShape.m; sourceTree = "<group>"; };
		6C4E88C7130A369A00FF591F /* VSShapes.h */ = {isa = PBXFileReference; fileEncoding = 4; lastKnownFileType = sourcecode.c.h; path = VSShapes.h; sourceTree = "<group>"; };
		6C4E88C8130A369A00FF591F /* VSShapeStyle.h */ = {isa = PBXFileReference; fileEncoding = 4; lastKnownFileType = sourcecode.c.h; path = VSShapeStyle.h; sourceTree = "<group>"; };
		6C4E88C9130A369A00FF591F /* VSShapeStyle.m */ = {isa = PBXFileReference; fileEncoding = 4; lastKnownFileType = sourcecode.c.objc; path = VSShapeStyle.m; sourceTree = "<group>"; };
		6C4E88CA130A369A00FF591F /* VSSolidBorderStyle.h */ = {isa = PBXFileReference; fileEncoding = 4; lastKnownFileType = sourcecode.c.h; path = VSSolidBorderStyle.h; sourceTree = "<group>"; };
		6C4E88CB130A369A00FF591F /* VSSolidBorderStyle.m */ = {isa = PBXFileReference; fileEncoding = 4; lastKnownFileType = sourcecode.c.objc; path = VSSolidBorderStyle.m; sourceTree = "<group>"; };
		6C4E88CC130A369A00FF591F /* VSSolidFillStyle.h */ = {isa = PBXFileReference; fileEncoding = 4; lastKnownFileType = sourcecode.c.h; path = VSSolidFillStyle.h; sourceTree = "<group>"; };
		6C4E88CD130A369A00FF591F /* VSSolidFillStyle.m */ = {isa = PBXFileReference; fileEncoding = 4; lastKnownFileType = sourcecode.c.objc; path = VSSolidFillStyle.m; sourceTree = "<group>"; };
		6C4E88CE130A369A00FF591F /* VSSpeechBubbleShape.h */ = {isa = PBXFileReference; fileEncoding = 4; lastKnownFileType = sourcecode.c.h; path = VSSpeechBubbleShape.h; sourceTree = "<group>"; };
		6C4E88CF130A369A00FF591F /* VSSpeechBubbleShape.m */ = {isa = PBXFileReference; fileEncoding = 4; lastKnownFileType = sourcecode.c.objc; path = VSSpeechBubbleShape.m; sourceTree = "<group>"; };
		6C4E88D0130A369A00FF591F /* VSStyle.h */ = {isa = PBXFileReference; fileEncoding = 4; lastKnownFileType = sourcecode.c.h; path = VSStyle.h; sourceTree = "<group>"; };
		6C4E88D1130A369A00FF591F /* VSStyle.m */ = {isa = PBXFileReference; fileEncoding = 4; lastKnownFileType = sourcecode.c.objc; path = VSStyle.m; sourceTree = "<group>"; };
		6C4E88D2130A369A00FF591F /* VSStyleContext.h */ = {isa = PBXFileReference; fileEncoding = 4; lastKnownFileType = sourcecode.c.h; path = VSStyleContext.h; sourceTree = "<group>"; };
		6C4E88D3130A369A00FF591F /* VSStyleContext.m */ = {isa = PBXFileReference; fileEncoding = 4; lastKnownFileType = sourcecode.c.objc; path = VSStyleContext.m; sourceTree = "<group>"; };
		6C4E88D4130A369A00FF591F /* VSStyleDelegate.h */ = {isa = PBXFileReference; fileEncoding = 4; lastKnownFileType = sourcecode.c.h; path = VSStyleDelegate.h; sourceTree = "<group>"; };
		6C4E88D5130A369A00FF591F /* VSStyles.h */ = {isa = PBXFileReference; fileEncoding = 4; lastKnownFileType = sourcecode.c.h; path = VSStyles.h; sourceTree = "<group>"; };
		6C4E88D6130A369A00FF591F /* VSStyleSheet.h */ = {isa = PBXFileReference; fileEncoding = 4; lastKnownFileType = sourcecode.c.h; path = VSStyleSheet.h; sourceTree = "<group>"; };
		6C4E88D7130A369A00FF591F /* VSStyleSheet.m */ = {isa = PBXFileReference; fileEncoding = 4; lastKnownFileType = sourcecode.c.objc; path = VSStyleSheet.m; sourceTree = "<group>"; };
		6C4E88D8130A369A00FF591F /* VSTextStyle.h */ = {isa = PBXFileReference; fileEncoding = 4; lastKnownFileType = sourcecode.c.h; path = VSTextStyle.h; sourceTree = "<group>"; };
		6C4E88D9130A369A00FF591F /* VSTextStyle.m */ = {isa = PBXFileReference; fileEncoding = 4; lastKnownFileType = sourcecode.c.objc; path = VSTextStyle.m; sourceTree = "<group>"; };
		6C4E88DC130A369A00FF591F /* VSView.m */ = {isa = PBXFileReference; fileEncoding = 4; lastKnownFileType = sourcecode.c.objc; path = VSView.m; sourceTree = "<group>"; };
		6C73D443130A442600F26739 /* MobileVillainous.app */ = {isa = PBXFileReference; explicitFileType = wrapper.application; includeInIndex = 0; path = MobileVillainous.app; sourceTree = BUILT_PRODUCTS_DIR; };
		6C73D445130A442600F26739 /* UIKit.framework */ = {isa = PBXFileReference; lastKnownFileType = wrapper.framework; name = UIKit.framework; path = System/Library/Frameworks/UIKit.framework; sourceTree = SDKROOT; };
		6C73D448130A442600F26739 /* CoreGraphics.framework */ = {isa = PBXFileReference; lastKnownFileType = wrapper.framework; name = CoreGraphics.framework; path = System/Library/Frameworks/CoreGraphics.framework; sourceTree = SDKROOT; };
		6C73D44C130A442600F26739 /* MobileVillainous-Info.plist */ = {isa = PBXFileReference; lastKnownFileType = text.plist.xml; path = "MobileVillainous-Info.plist"; sourceTree = "<group>"; };
		6C73D44E130A442600F26739 /* en */ = {isa = PBXFileReference; lastKnownFileType = text.plist.strings; name = en; path = en.lproj/InfoPlist.strings; sourceTree = "<group>"; };
		6C73D450130A442600F26739 /* MobileVillainous-Prefix.pch */ = {isa = PBXFileReference; lastKnownFileType = sourcecode.c.h; path = "MobileVillainous-Prefix.pch"; sourceTree = "<group>"; };
		6C73D451130A442600F26739 /* main.m */ = {isa = PBXFileReference; lastKnownFileType = sourcecode.c.objc; path = main.m; sourceTree = "<group>"; };
		6C73D453130A442600F26739 /* MobileVillainousAppDelegate.h */ = {isa = PBXFileReference; lastKnownFileType = sourcecode.c.h; path = MobileVillainousAppDelegate.h; sourceTree = "<group>"; };
		6C73D454130A442600F26739 /* MobileVillainousAppDelegate.m */ = {isa = PBXFileReference; lastKnownFileType = sourcecode.c.objc; path = MobileVillainousAppDelegate.m; sourceTree = "<group>"; };
		6C73D457130A442600F26739 /* en */ = {isa = PBXFileReference; lastKnownFileType = file.xib; name = en; path = en.lproj/MainWindow.xib; sourceTree = "<group>"; };
		6C73D459130A442600F26739 /* MobileVillainousViewController.h */ = {isa = PBXFileReference; lastKnownFileType = sourcecode.c.h; path = MobileVillainousViewController.h; sourceTree = "<group>"; };
		6C73D45A130A442600F26739 /* MobileVillainousViewController.m */ = {isa = PBXFileReference; lastKnownFileType = sourcecode.c.objc; path = MobileVillainousViewController.m; sourceTree = "<group>"; };
		6C73D45D130A442600F26739 /* en */ = {isa = PBXFileReference; lastKnownFileType = file.xib; name = en; path = en.lproj/MobileVillainousViewController.xib; sourceTree = "<group>"; };
		6C73D550130A456900F26739 /* iDarkStyleSheet.h */ = {isa = PBXFileReference; fileEncoding = 4; lastKnownFileType = sourcecode.c.h; path = iDarkStyleSheet.h; sourceTree = "<group>"; };
		6C73D551130A456900F26739 /* iDarkStyleSheet.m */ = {isa = PBXFileReference; fileEncoding = 4; lastKnownFileType = sourcecode.c.objc; path = iDarkStyleSheet.m; sourceTree = "<group>"; };
		6C73D552130A456900F26739 /* iLightStyleSheet.h */ = {isa = PBXFileReference; fileEncoding = 4; lastKnownFileType = sourcecode.c.h; path = iLightStyleSheet.h; sourceTree = "<group>"; };
		6C73D553130A456900F26739 /* iLightStyleSheet.m */ = {isa = PBXFileReference; fileEncoding = 4; lastKnownFileType = sourcecode.c.objc; path = iLightStyleSheet.m; sourceTree = "<group>"; };
/* End PBXFileReference section */

/* Begin PBXFrameworksBuildPhase section */
		6C4E881D130A34B600FF591F /* Frameworks */ = {
			isa = PBXFrameworksBuildPhase;
			buildActionMask = 2147483647;
			files = (
				6C4E8824130A34B600FF591F /* Foundation.framework in Frameworks */,
			);
			runOnlyForDeploymentPostprocessing = 0;
		};
		6C73D440130A442600F26739 /* Frameworks */ = {
			isa = PBXFrameworksBuildPhase;
			buildActionMask = 2147483647;
			files = (
				6C46C2B4130B75520091C267 /* QuartzCore.framework in Frameworks */,
				6C46C2B2130B6CFA0091C267 /* libVillainousStyle.a in Frameworks */,
				6C73D446130A442600F26739 /* UIKit.framework in Frameworks */,
				6C73D447130A442600F26739 /* Foundation.framework in Frameworks */,
				6C73D449130A442600F26739 /* CoreGraphics.framework in Frameworks */,
			);
			runOnlyForDeploymentPostprocessing = 0;
		};
/* End PBXFrameworksBuildPhase section */

/* Begin PBXGroup section */
		6C185151130A3BB2001F06ED /* Categories */ = {
			isa = PBXGroup;
			children = (
				6C4E888C130A369A00FF591F /* CALayer+VSStyle.h */,
				6C4E888D130A369A00FF591F /* CALayer+VSStyle.m */,
				6C4E888E130A369A00FF591F /* NSColor+CGColor.h */,
				6C4E888F130A369A00FF591F /* NSColor+CGColor.m */,
				6C4E8890130A369A00FF591F /* NSColor+VSStyle.h */,
				6C4E8891130A369A00FF591F /* NSColor+VSStyle.m */,
				6C4E8892130A369A00FF591F /* NSImage+CGImage.h */,
				6C4E8893130A369A00FF591F /* NSImage+CGImage.m */,
				6C4E8894130A369A00FF591F /* NSImage+ContentMode.h */,
				6C4E8895130A369A00FF591F /* NSImage+ContentMode.m */,
				6C4E8896130A369A00FF591F /* NSView+VSStyle.h */,
				6C4E8897130A369A00FF591F /* NSView+VSStyle.m */,
			);
			name = Categories;
			sourceTree = "<group>";
		};
		6C185152130A3C1F001F06ED /* Views */ = {
			isa = PBXGroup;
			children = (
				6C185155130A3D0D001F06ED /* VSButton.h */,
				6C4E88A1130A369A00FF591F /* VSButton.m */,
				6C4E88AF130A369A00FF591F /* VSLabel.h */,
				6C4E88B0130A369A00FF591F /* VSLabel.m */,
				6C185153130A3CA8001F06ED /* VSView.h */,
				6C4E88DC130A369A00FF591F /* VSView.m */,
			);
			name = Views;
			sourceTree = "<group>";
		};
		6C4E8815130A34B600FF591F = {
			isa = PBXGroup;
			children = (
				6C46C2B3130B75520091C267 /* QuartzCore.framework */,
				6C4E8820130A34B600FF591F /* libVillainousStyle.a */,
				6C4E8825130A34B600FF591F /* VillainousStyle */,
				6C73D44A130A442600F26739 /* MobileVillainous */,
				6C4E8822130A34B600FF591F /* Frameworks */,
				6C4E8821130A34B600FF591F /* Products */,
			);
			sourceTree = "<group>";
		};
		6C4E8821130A34B600FF591F /* Products */ = {
			isa = PBXGroup;
			children = (
				6C73D443130A442600F26739 /* MobileVillainous.app */,
			);
			name = Products;
			sourceTree = "<group>";
		};
		6C4E8822130A34B600FF591F /* Frameworks */ = {
			isa = PBXGroup;
			children = (
				6C4E8823130A34B600FF591F /* Foundation.framework */,
				6C73D445130A442600F26739 /* UIKit.framework */,
				6C73D448130A442600F26739 /* CoreGraphics.framework */,
			);
			name = Frameworks;
			sourceTree = "<group>";
		};
		6C4E8825130A34B600FF591F /* VillainousStyle */ = {
			isa = PBXGroup;
			children = (
				6C4E8898130A369A00FF591F /* VillainousStyle.h */,
				6C4E88A6130A369A00FF591F /* VSGlobal.h */,
				6C4E88D6130A369A00FF591F /* VSStyleSheet.h */,
				6C4E88D7130A369A00FF591F /* VSStyleSheet.m */,
				6C185151130A3BB2001F06ED /* Categories */,
				6C185152130A3C1F001F06ED /* Views */,
				6CF29491130A3E0500BB1577 /* Styles */,
				6CF29493130A3E3F00BB1577 /* Shapes */,
			);
			path = VillainousStyle;
			sourceTree = "<group>";
		};
		6C73D44A130A442600F26739 /* MobileVillainous */ = {
			isa = PBXGroup;
			children = (
				6C73D550130A456900F26739 /* iDarkStyleSheet.h */,
				6C73D551130A456900F26739 /* iDarkStyleSheet.m */,
				6C73D552130A456900F26739 /* iLightStyleSheet.h */,
				6C73D553130A456900F26739 /* iLightStyleSheet.m */,
				6C73D453130A442600F26739 /* MobileVillainousAppDelegate.h */,
				6C73D454130A442600F26739 /* MobileVillainousAppDelegate.m */,
				6C73D456130A442600F26739 /* MainWindow.xib */,
				6C73D459130A442600F26739 /* MobileVillainousViewController.h */,
				6C73D45A130A442600F26739 /* MobileVillainousViewController.m */,
				6C73D45C130A442600F26739 /* MobileVillainousViewController.xib */,
				6C73D44B130A442600F26739 /* Supporting Files */,
			);
			path = MobileVillainous;
			sourceTree = "<group>";
		};
		6C73D44B130A442600F26739 /* Supporting Files */ = {
			isa = PBXGroup;
			children = (
				6C73D44C130A442600F26739 /* MobileVillainous-Info.plist */,
				6C73D44D130A442600F26739 /* InfoPlist.strings */,
				6C73D450130A442600F26739 /* MobileVillainous-Prefix.pch */,
				6C73D451130A442600F26739 /* main.m */,
			);
			name = "Supporting Files";
			sourceTree = "<group>";
		};
		6CF29491130A3E0500BB1577 /* Styles */ = {
			isa = PBXGroup;
			children = (
				6C4E88BB130A369A00FF591F /* VSReflectiveFillStyle.h */,
				6C4E88BC130A369A00FF591F /* VSReflectiveFillStyle.m */,
				6C4E88C3130A369A00FF591F /* VSShadowStyle.h */,
				6C4E88C4130A369A00FF591F /* VSShadowStyle.m */,
				6C4E88C8130A369A00FF591F /* VSShapeStyle.h */,
				6C4E88C9130A369A00FF591F /* VSShapeStyle.m */,
				6C4E88CA130A369A00FF591F /* VSSolidBorderStyle.h */,
				6C4E88CB130A369A00FF591F /* VSSolidBorderStyle.m */,
				6C4E88CC130A369A00FF591F /* VSSolidFillStyle.h */,
				6C4E88CD130A369A00FF591F /* VSSolidFillStyle.m */,
				6C4E88D0130A369A00FF591F /* VSStyle.h */,
				6C4E88D1130A369A00FF591F /* VSStyle.m */,
				6C4E88D2130A369A00FF591F /* VSStyleContext.h */,
				6C4E88D3130A369A00FF591F /* VSStyleContext.m */,
				6C4E88D4130A369A00FF591F /* VSStyleDelegate.h */,
				6C4E88D5130A369A00FF591F /* VSStyles.h */,
				6C4E88D8130A369A00FF591F /* VSTextStyle.h */,
				6C4E88D9130A369A00FF591F /* VSTextStyle.m */,
				6C4E8899130A369A00FF591F /* VSBevelBorderStyle.h */,
				6C4E889A130A369A00FF591F /* VSBevelBorderStyle.m */,
				6C4E889B130A369A00FF591F /* VSBlendStyle.h */,
				6C4E889C130A369A00FF591F /* VSBlendStyle.m */,
				6C4E889D130A369A00FF591F /* VSBoxStyle.h */,
				6C4E889E130A369A00FF591F /* VSBoxStyle.m */,
				6C4E88A2130A369A00FF591F /* VSContentStyle.h */,
				6C4E88A3130A369A00FF591F /* VSContentStyle.m */,
				6C4E88A4130A369A00FF591F /* VSFourBorderStyle.h */,
				6C4E88A5130A369A00FF591F /* VSFourBorderStyle.m */,
				6C4E88A7130A369A00FF591F /* VSHighlightBorderStyle.h */,
				6C4E88A8130A369A00FF591F /* VSHighlightBorderStyle.m */,
				6C4E88A9130A369A00FF591F /* VSImageStyle.h */,
				6C4E88AA130A369A00FF591F /* VSImageStyle.m */,
				6C4E88AB130A369A00FF591F /* VSInnerShadowStyle.h */,
				6C4E88AC130A369A00FF591F /* VSInnerShadowStyle.m */,
				6C4E88AD130A369A00FF591F /* VSInsetStyle.h */,
				6C4E88AE130A369A00FF591F /* VSInsetStyle.m */,
				6C4E88B1130A369A00FF591F /* VSLinearGradientBorderStyle.h */,
				6C4E88B2130A369A00FF591F /* VSLinearGradientBorderStyle.m */,
				6C4E88B3130A369A00FF591F /* VSLinearGradientFillStyle.h */,
				6C4E88B4130A369A00FF591F /* VSLinearGradientFillStyle.m */,
				6C4E88B5130A369A00FF591F /* VSMaskStyle.h */,
				6C4E88B6130A369A00FF591F /* VSMaskStyle.m */,
				6C4E88B7130A369A00FF591F /* VSPartStyle.h */,
				6C4E88B8130A369A00FF591F /* VSPartStyle.m */,
			);
			name = Styles;
			sourceTree = "<group>";
		};
		6CF29493130A3E3F00BB1577 /* Shapes */ = {
			isa = PBXGroup;
			children = (
				6C4E88B9130A369A00FF591F /* VSRectangleShape.h */,
				6C4E88BA130A369A00FF591F /* VSRectangleShape.m */,
				6C4E88BD130A369A00FF591F /* VSRoundedLeftArrowShape.h */,
				6C4E88BE130A369A00FF591F /* VSRoundedLeftArrowShape.m */,
				6C4E88BF130A369A00FF591F /* VSRoundedRectangleShape.h */,
				6C4E88C0130A369A00FF591F /* VSRoundedRectangleShape.m */,
				6C4E88C1130A369A00FF591F /* VSRoundedRightArrowShape.h */,
				6C4E88C2130A369A00FF591F /* VSRoundedRightArrowShape.m */,
				6C4E88C5130A369A00FF591F /* VSShape.h */,
				6C4E88C6130A369A00FF591F /* VSShape.m */,
				6C4E88C7130A369A00FF591F /* VSShapes.h */,
				6C4E88CE130A369A00FF591F /* VSSpeechBubbleShape.h */,
				6C4E88CF130A369A00FF591F /* VSSpeechBubbleShape.m */,
			);
			name = Shapes;
			sourceTree = "<group>";
		};
/* End PBXGroup section */

/* Begin PBXHeadersBuildPhase section */
		6C4E881E130A34B600FF591F /* Headers */ = {
			isa = PBXHeadersBuildPhase;
			buildActionMask = 2147483647;
			files = (
				6C4E88DD130A369A00FF591F /* CALayer+VSStyle.h in Headers */,
				6C4E88DF130A369A00FF591F /* NSColor+CGColor.h in Headers */,
				6C4E88E1130A369A00FF591F /* NSColor+VSStyle.h in Headers */,
				6C4E88E3130A369A00FF591F /* NSImage+CGImage.h in Headers */,
				6C4E88E5130A369A00FF591F /* NSImage+ContentMode.h in Headers */,
				6C4E88E7130A369A00FF591F /* NSView+VSStyle.h in Headers */,
				6C4E88E9130A369A00FF591F /* VillainousStyle.h in Headers */,
				6C4E88EA130A369A00FF591F /* VSBevelBorderStyle.h in Headers */,
				6C4E88EC130A369A00FF591F /* VSBlendStyle.h in Headers */,
				6C4E88EE130A369A00FF591F /* VSBoxStyle.h in Headers */,
				6C4E88F3130A369A00FF591F /* VSContentStyle.h in Headers */,
				6C4E88F5130A369A00FF591F /* VSFourBorderStyle.h in Headers */,
				6C4E88F7130A369A00FF591F /* VSGlobal.h in Headers */,
				6C4E88F8130A369A00FF591F /* VSHighlightBorderStyle.h in Headers */,
				6C4E88FA130A369A00FF591F /* VSImageStyle.h in Headers */,
				6C4E88FC130A369A00FF591F /* VSInnerShadowStyle.h in Headers */,
				6C4E88FE130A369A00FF591F /* VSInsetStyle.h in Headers */,
				6C4E8900130A369A00FF591F /* VSLabel.h in Headers */,
				6C4E8902130A369A00FF591F /* VSLinearGradientBorderStyle.h in Headers */,
				6C4E8904130A369A00FF591F /* VSLinearGradientFillStyle.h in Headers */,
				6C4E8906130A369A00FF591F /* VSMaskStyle.h in Headers */,
				6C4E8908130A369A00FF591F /* VSPartStyle.h in Headers */,
				6C4E890A130A369A00FF591F /* VSRectangleShape.h in Headers */,
				6C4E890C130A369A00FF591F /* VSReflectiveFillStyle.h in Headers */,
				6C4E890E130A369A00FF591F /* VSRoundedLeftArrowShape.h in Headers */,
				6C4E8910130A369A00FF591F /* VSRoundedRectangleShape.h in Headers */,
				6C4E8912130A369A00FF591F /* VSRoundedRightArrowShape.h in Headers */,
				6C4E8914130A369A00FF591F /* VSShadowStyle.h in Headers */,
				6C4E8916130A369A00FF591F /* VSShape.h in Headers */,
				6C4E8918130A369A00FF591F /* VSShapes.h in Headers */,
				6C4E8919130A369A00FF591F /* VSShapeStyle.h in Headers */,
				6C4E891B130A369A00FF591F /* VSSolidBorderStyle.h in Headers */,
				6C4E891D130A369A00FF591F /* VSSolidFillStyle.h in Headers */,
				6C4E891F130A369A00FF591F /* VSSpeechBubbleShape.h in Headers */,
				6C4E8921130A369A00FF591F /* VSStyle.h in Headers */,
				6C4E8923130A369A00FF591F /* VSStyleContext.h in Headers */,
				6C4E8925130A369A00FF591F /* VSStyleDelegate.h in Headers */,
				6C4E8926130A369A00FF591F /* VSStyles.h in Headers */,
				6C4E8927130A369A00FF591F /* VSStyleSheet.h in Headers */,
				6C4E8929130A369A00FF591F /* VSTextStyle.h in Headers */,
				6C185154130A3CA8001F06ED /* VSView.h in Headers */,
				6C185156130A3D0D001F06ED /* VSButton.h in Headers */,
			);
			runOnlyForDeploymentPostprocessing = 0;
		};
/* End PBXHeadersBuildPhase section */

/* Begin PBXNativeTarget section */
		6C4E881F130A34B600FF591F /* VillainousStyle */ = {
			isa = PBXNativeTarget;
			buildConfigurationList = 6C4E882A130A34B600FF591F /* Build configuration list for PBXNativeTarget "VillainousStyle" */;
			buildPhases = (
				6C4E881C130A34B600FF591F /* Sources */,
				6C4E881D130A34B600FF591F /* Frameworks */,
				6C4E881E130A34B600FF591F /* Headers */,
			);
			buildRules = (
			);
			dependencies = (
			);
			name = VillainousStyle;
			productName = VillainousStyle;
			productReference = 6C4E8820130A34B600FF591F /* libVillainousStyle.a */;
			productType = "com.apple.product-type.library.static";
		};
		6C73D442130A442600F26739 /* MobileVillainous */ = {
			isa = PBXNativeTarget;
			buildConfigurationList = 6C73D45F130A442600F26739 /* Build configuration list for PBXNativeTarget "MobileVillainous" */;
			buildPhases = (
				6C73D43F130A442600F26739 /* Sources */,
				6C73D440130A442600F26739 /* Frameworks */,
				6C73D441130A442600F26739 /* Resources */,
			);
			buildRules = (
			);
			dependencies = (
				6C46C2B0130B6CF50091C267 /* PBXTargetDependency */,
			);
			name = MobileVillainous;
			productName = MobileVillainous;
			productReference = 6C73D443130A442600F26739 /* MobileVillainous.app */;
			productType = "com.apple.product-type.application";
		};
/* End PBXNativeTarget section */

/* Begin PBXProject section */
		6C4E8817130A34B600FF591F /* Project object */ = {
			isa = PBXProject;
			attributes = {
				ORGANIZATIONNAME = "Dizzy Technology";
			};
			buildConfigurationList = 6C4E881A130A34B600FF591F /* Build configuration list for PBXProject "VillainousStyle iOS" */;
			compatibilityVersion = "Xcode 3.2";
			developmentRegion = English;
			hasScannedForEncodings = 0;
			knownRegions = (
				en,
			);
			mainGroup = 6C4E8815130A34B600FF591F;
			productRefGroup = 6C4E8821130A34B600FF591F /* Products */;
			projectDirPath = "";
			projectRoot = "";
			targets = (
				6C4E881F130A34B600FF591F /* VillainousStyle */,
				6C73D442130A442600F26739 /* MobileVillainous */,
			);
		};
/* End PBXProject section */

/* Begin PBXResourcesBuildPhase section */
		6C73D441130A442600F26739 /* Resources */ = {
			isa = PBXResourcesBuildPhase;
			buildActionMask = 2147483647;
			files = (
				6C73D44F130A442600F26739 /* InfoPlist.strings in Resources */,
				6C73D458130A442600F26739 /* MainWindow.xib in Resources */,
				6C73D45E130A442600F26739 /* MobileVillainousViewController.xib in Resources */,
			);
			runOnlyForDeploymentPostprocessing = 0;
		};
/* End PBXResourcesBuildPhase section */

/* Begin PBXSourcesBuildPhase section */
		6C4E881C130A34B600FF591F /* Sources */ = {
			isa = PBXSourcesBuildPhase;
			buildActionMask = 2147483647;
			files = (
				6C4E88DE130A369A00FF591F /* CALayer+VSStyle.m in Sources */,
				6C4E88E0130A369A00FF591F /* NSColor+CGColor.m in Sources */,
				6C4E88E2130A369A00FF591F /* NSColor+VSStyle.m in Sources */,
				6C4E88E4130A369A00FF591F /* NSImage+CGImage.m in Sources */,
				6C4E88E6130A369A00FF591F /* NSImage+ContentMode.m in Sources */,
				6C4E88E8130A369A00FF591F /* NSView+VSStyle.m in Sources */,
				6C4E88EB130A369A00FF591F /* VSBevelBorderStyle.m in Sources */,
				6C4E88ED130A369A00FF591F /* VSBlendStyle.m in Sources */,
				6C4E88EF130A369A00FF591F /* VSBoxStyle.m in Sources */,
				6C4E88F2130A369A00FF591F /* VSButton.m in Sources */,
				6C4E88F4130A369A00FF591F /* VSContentStyle.m in Sources */,
				6C4E88F6130A369A00FF591F /* VSFourBorderStyle.m in Sources */,
				6C4E88F9130A369A00FF591F /* VSHighlightBorderStyle.m in Sources */,
				6C4E88FB130A369A00FF591F /* VSImageStyle.m in Sources */,
				6C4E88FD130A369A00FF591F /* VSInnerShadowStyle.m in Sources */,
				6C4E88FF130A369A00FF591F /* VSInsetStyle.m in Sources */,
				6C4E8901130A369A00FF591F /* VSLabel.m in Sources */,
				6C4E8903130A369A00FF591F /* VSLinearGradientBorderStyle.m in Sources */,
				6C4E8905130A369A00FF591F /* VSLinearGradientFillStyle.m in Sources */,
				6C4E8907130A369A00FF591F /* VSMaskStyle.m in Sources */,
				6C4E8909130A369A00FF591F /* VSPartStyle.m in Sources */,
				6C4E890B130A369A00FF591F /* VSRectangleShape.m in Sources */,
				6C4E890D130A369A00FF591F /* VSReflectiveFillStyle.m in Sources */,
				6C4E890F130A369A00FF591F /* VSRoundedLeftArrowShape.m in Sources */,
				6C4E8911130A369A00FF591F /* VSRoundedRectangleShape.m in Sources */,
				6C4E8913130A369A00FF591F /* VSRoundedRightArrowShape.m in Sources */,
				6C4E8915130A369A00FF591F /* VSShadowStyle.m in Sources */,
				6C4E8917130A369A00FF591F /* VSShape.m in Sources */,
				6C4E891A130A369A00FF591F /* VSShapeStyle.m in Sources */,
				6C4E891C130A369A00FF591F /* VSSolidBorderStyle.m in Sources */,
				6C4E891E130A369A00FF591F /* VSSolidFillStyle.m in Sources */,
				6C4E8920130A369A00FF591F /* VSSpeechBubbleShape.m in Sources */,
				6C4E8922130A369A00FF591F /* VSStyle.m in Sources */,
				6C4E8924130A369A00FF591F /* VSStyleContext.m in Sources */,
				6C4E8928130A369A00FF591F /* VSStyleSheet.m in Sources */,
				6C4E892A130A369A00FF591F /* VSTextStyle.m in Sources */,
				6C4E892D130A369A00FF591F /* VSView.m in Sources */,
			);
			runOnlyForDeploymentPostprocessing = 0;
		};
		6C73D43F130A442600F26739 /* Sources */ = {
			isa = PBXSourcesBuildPhase;
			buildActionMask = 2147483647;
			files = (
				6C73D452130A442600F26739 /* main.m in Sources */,
				6C73D455130A442600F26739 /* MobileVillainousAppDelegate.m in Sources */,
				6C73D45B130A442600F26739 /* MobileVillainousViewController.m in Sources */,
				6C73D554130A456900F26739 /* iDarkStyleSheet.m in Sources */,
				6C73D555130A456900F26739 /* iLightStyleSheet.m in Sources */,
			);
			runOnlyForDeploymentPostprocessing = 0;
		};
/* End PBXSourcesBuildPhase section */

/* Begin PBXTargetDependency section */
		6C46C2B0130B6CF50091C267 /* PBXTargetDependency */ = {
			isa = PBXTargetDependency;
			target = 6C4E881F130A34B600FF591F /* VillainousStyle */;
			targetProxy = 6C46C2AF130B6CF50091C267 /* PBXContainerItemProxy */;
		};
/* End PBXTargetDependency section */

/* Begin PBXVariantGroup section */
		6C73D44D130A442600F26739 /* InfoPlist.strings */ = {
			isa = PBXVariantGroup;
			children = (
				6C73D44E130A442600F26739 /* en */,
			);
			name = InfoPlist.strings;
			sourceTree = "<group>";
		};
		6C73D456130A442600F26739 /* MainWindow.xib */ = {
			isa = PBXVariantGroup;
			children = (
				6C73D457130A442600F26739 /* en */,
			);
			name = MainWindow.xib;
			sourceTree = "<group>";
		};
		6C73D45C130A442600F26739 /* MobileVillainousViewController.xib */ = {
			isa = PBXVariantGroup;
			children = (
				6C73D45D130A442600F26739 /* en */,
			);
			name = MobileVillainousViewController.xib;
			sourceTree = "<group>";
		};
/* End PBXVariantGroup section */

/* Begin XCBuildConfiguration section */
		6C4E8828130A34B600FF591F /* Debug */ = {
			isa = XCBuildConfiguration;
			buildSettings = {
				ARCHS = "$(ARCHS_STANDARD_32_BIT)";
				GCC_C_LANGUAGE_STANDARD = gnu99;
				GCC_OPTIMIZATION_LEVEL = 0;
				GCC_PREPROCESSOR_DEFINITIONS = DEBUG;
				GCC_VERSION = com.apple.compilers.llvmgcc42;
				GCC_WARN_ABOUT_RETURN_TYPE = YES;
				GCC_WARN_UNUSED_VARIABLE = YES;
				IPHONEOS_DEPLOYMENT_TARGET = 4.2;
				SDKROOT = iphoneos;
			};
			name = Debug;
		};
		6C4E8829130A34B600FF591F /* Release */ = {
			isa = XCBuildConfiguration;
			buildSettings = {
				ARCHS = "$(ARCHS_STANDARD_32_BIT)";
				GCC_C_LANGUAGE_STANDARD = gnu99;
				GCC_VERSION = com.apple.compilers.llvmgcc42;
				GCC_WARN_ABOUT_RETURN_TYPE = YES;
				GCC_WARN_UNUSED_VARIABLE = YES;
				IPHONEOS_DEPLOYMENT_TARGET = 4.2;
				SDKROOT = iphoneos;
			};
			name = Release;
		};
		6C4E882B130A34B600FF591F /* Debug */ = {
			isa = XCBuildConfiguration;
			buildSettings = {
				ALWAYS_SEARCH_USER_PATHS = NO;
				DSTROOT = /tmp/VillainousStyle.dst;
				GCC_PRECOMPILE_PREFIX_HEADER = YES;
				OTHER_LDFLAGS = (
					"-ObjC",
					"-all_load",
				);
				PRODUCT_NAME = "$(TARGET_NAME)";
			};
			name = Debug;
		};
		6C4E882C130A34B600FF591F /* Release */ = {
			isa = XCBuildConfiguration;
			buildSettings = {
				ALWAYS_SEARCH_USER_PATHS = NO;
				DSTROOT = /tmp/VillainousStyle.dst;
				GCC_PRECOMPILE_PREFIX_HEADER = YES;
				OTHER_LDFLAGS = (
					"-ObjC",
					"-all_load",
				);
				PRODUCT_NAME = "$(TARGET_NAME)";
			};
			name = Release;
		};
		6C73D460130A442600F26739 /* Debug */ = {
			isa = XCBuildConfiguration;
			buildSettings = {
				ALWAYS_SEARCH_USER_PATHS = NO;
				"CODE_SIGN_IDENTITY[sdk=iphoneos*]" = "iPhone Developer";
				COPY_PHASE_STRIP = NO;
				GCC_DYNAMIC_NO_PIC = NO;
				GCC_PRECOMPILE_PREFIX_HEADER = YES;
				GCC_PREFIX_HEADER = "MobileVillainous/MobileVillainous-Prefix.pch";
				HEADER_SEARCH_PATHS = "$(SRCROOT)";
				INFOPLIST_FILE = "MobileVillainous/MobileVillainous-Info.plist";
				INSTALL_PATH = "$(LOCAL_APPS_DIR)";
				OTHER_LDFLAGS = (
					"-ObjC",
					"-all_load",
				);
				PRODUCT_NAME = "$(TARGET_NAME)";
				WRAPPER_EXTENSION = app;
			};
			name = Debug;
		};
		6C73D461130A442600F26739 /* Release */ = {
			isa = XCBuildConfiguration;
			buildSettings = {
				ALWAYS_SEARCH_USER_PATHS = NO;
				"CODE_SIGN_IDENTITY[sdk=iphoneos*]" = "iPhone Developer";
				COPY_PHASE_STRIP = YES;
				GCC_PRECOMPILE_PREFIX_HEADER = YES;
				GCC_PREFIX_HEADER = "MobileVillainous/MobileVillainous-Prefix.pch";
				HEADER_SEARCH_PATHS = "$(SRCROOT)";
				INFOPLIST_FILE = "MobileVillainous/MobileVillainous-Info.plist";
				INSTALL_PATH = "$(LOCAL_APPS_DIR)";
				OTHER_CFLAGS = "-DNS_BLOCK_ASSERTIONS=1";
				OTHER_LDFLAGS = (
					"-ObjC",
					"-all_load",
				);
				PRODUCT_NAME = "$(TARGET_NAME)";
				VALIDATE_PRODUCT = YES;
				WRAPPER_EXTENSION = app;
			};
			name = Release;
		};
/* End XCBuildConfiguration section */

/* Begin XCConfigurationList section */
		6C4E881A130A34B600FF591F /* Build configuration list for PBXProject "VillainousStyle iOS" */ = {
			isa = XCConfigurationList;
			buildConfigurations = (
				6C4E8828130A34B600FF591F /* Debug */,
				6C4E8829130A34B600FF591F /* Release */,
			);
			defaultConfigurationIsVisible = 0;
			defaultConfigurationName = Release;
		};
		6C4E882A130A34B600FF591F /* Build configuration list for PBXNativeTarget "VillainousStyle" */ = {
			isa = XCConfigurationList;
			buildConfigurations = (
				6C4E882B130A34B600FF591F /* Debug */,
				6C4E882C130A34B600FF591F /* Release */,
			);
			defaultConfigurationIsVisible = 0;
			defaultConfigurationName = Release;
		};
		6C73D45F130A442600F26739 /* Build configuration list for PBXNativeTarget "MobileVillainous" */ = {
			isa = XCConfigurationList;
			buildConfigurations = (
				6C73D460130A442600F26739 /* Debug */,
				6C73D461130A442600F26739 /* Release */,
			);
			defaultConfigurationIsVisible = 0;
			defaultConfigurationName = Release;
		};
/* End XCConfigurationList section */
	};
	rootObject = 6C4E8817130A34B600FF591F /* Project object */;
}
